
Microsoft Visual Studio Solution File, Format Version 12.00
# Visual Studio Version 16
VisualStudioVersion = 16.0.31321.278
MinimumVisualStudioVersion = 10.0.40219.1
Project("{9092AA53-FB77-4645-B42D-1CCCA6BD08BD}") = "URL_Monitoring", "URL_Monitoring\URL_Monitoring.njsproj", "{1271C984-CA98-4953-889D-F30AEDC4E58E}"
EndProject
Global
	GlobalSection(SolutionConfigurationPlatforms) = preSolution
		Debug|Any CPU = Debug|Any CPU
		Release|Any CPU = Release|Any CPU
	EndGlobalSection
	GlobalSection(ProjectConfigurationPlatforms) = postSolution
		{1271C984-CA98-4953-889D-F30AEDC4E58E}.Debug|Any CPU.ActiveCfg = Debug|Any CPU
		{1271C984-CA98-4953-889D-F30AEDC4E58E}.Debug|Any CPU.Build.0 = Debug|Any CPU
		{1271C984-CA98-4953-889D-F30AEDC4E58E}.Release|Any CPU.ActiveCfg = Release|Any CPU
		{1271C984-CA98-4953-889D-F30AEDC4E58E}.Release|Any CPU.Build.0 = Release|Any CPU
	EndGlobalSection
	GlobalSection(SolutionProperties) = preSolution
		HideSolutionNode = FALSE
	EndGlobalSection
	GlobalSection(ExtensibilityGlobals) = postSolution
		SolutionGuid = {1195C3AF-2EBA-488B-B029-7E482ECA9123}
	EndGlobalSection
EndGlobal
